
Microsoft Visual Studio Solution File, Format Version 12.00
# Visual Studio Version 16
VisualStudioVersion = 16.0.30717.126
MinimumVisualStudioVersion = 10.0.40219.1
Project("{FAE04EC0-301F-11D3-BF4B-00C04F79EFBC}") = "EmployeeSchedule.MVC", "EmployeeSchedule.MVC\EmployeeSchedule.MVC.csproj", "{00765C11-E010-4215-8920-F16C38105593}"
EndProject
Project("{FAE04EC0-301F-11D3-BF4B-00C04F79EFBC}") = "EmployeeSchedule.API", "EmployeeSchedule.API\EmployeeSchedule.API.csproj", "{E262978A-EB8C-4CDB-A9E3-28BCCD2036A2}"
EndProject
Project("{FAE04EC0-301F-11D3-BF4B-00C04F79EFBC}") = "EmployeeSchedule.Data", "EmployeeSchedule.Data\EmployeeSchedule.Data.csproj", "{D13476EB-6B30-4239-925D-748654167E52}"
EndProject
Project("{FAE04EC0-301F-11D3-BF4B-00C04F79EFBC}") = "EmployeeSchedule.Infrastructure", "EmployeeSchedule.Infrastructure\EmployeeSchedule.Infrastructure.csproj", "{F98166DB-EF5F-4480-91CE-DF3F1BB1A74F}"
EndProject
Project("{FAE04EC0-301F-11D3-BF4B-00C04F79EFBC}") = "EmployeeSchedule.Service", "EmployeeSchedule.Service\EmployeeSchedule.Service.csproj", "{72900894-0E2C-4A2F-BBBB-121F02FC68DB}"
EndProject
Project("{FAE04EC0-301F-11D3-BF4B-00C04F79EFBC}") = "EmployeeSchedule.Repository", "EmployeeSchedule.Repository\EmployeeSchedule.Repository.csproj", "{3C566452-5A8F-44D6-B53E-D0916FC2572C}"
EndProject
Global
	GlobalSection(SolutionConfigurationPlatforms) = preSolution
		Debug|Any CPU = Debug|Any CPU
		Release|Any CPU = Release|Any CPU
	EndGlobalSection
	GlobalSection(ProjectConfigurationPlatforms) = postSolution
		{00765C11-E010-4215-8920-F16C38105593}.Debug|Any CPU.ActiveCfg = Debug|Any CPU
		{00765C11-E010-4215-8920-F16C38105593}.Debug|Any CPU.Build.0 = Debug|Any CPU
		{00765C11-E010-4215-8920-F16C38105593}.Release|Any CPU.ActiveCfg = Release|Any CPU
		{00765C11-E010-4215-8920-F16C38105593}.Release|Any CPU.Build.0 = Release|Any CPU
		{E262978A-EB8C-4CDB-A9E3-28BCCD2036A2}.Debug|Any CPU.ActiveCfg = Debug|Any CPU
		{E262978A-EB8C-4CDB-A9E3-28BCCD2036A2}.Debug|Any CPU.Build.0 = Debug|Any CPU
		{E262978A-EB8C-4CDB-A9E3-28BCCD2036A2}.Release|Any CPU.ActiveCfg = Release|Any CPU
		{E262978A-EB8C-4CDB-A9E3-28BCCD2036A2}.Release|Any CPU.Build.0 = Release|Any CPU
		{D13476EB-6B30-4239-925D-748654167E52}.Debug|Any CPU.ActiveCfg = Debug|Any CPU
		{D13476EB-6B30-4239-925D-748654167E52}.Debug|Any CPU.Build.0 = Debug|Any CPU
		{D13476EB-6B30-4239-925D-748654167E52}.Release|Any CPU.ActiveCfg = Release|Any CPU
		{D13476EB-6B30-4239-925D-748654167E52}.Release|Any CPU.Build.0 = Release|Any CPU
		{F98166DB-EF5F-4480-91CE-DF3F1BB1A74F}.Debug|Any CPU.ActiveCfg = Debug|Any CPU
		{F98166DB-EF5F-4480-91CE-DF3F1BB1A74F}.Debug|Any CPU.Build.0 = Debug|Any CPU
		{F98166DB-EF5F-4480-91CE-DF3F1BB1A74F}.Release|Any CPU.ActiveCfg = Release|Any CPU
		{F98166DB-EF5F-4480-91CE-DF3F1BB1A74F}.Release|Any CPU.Build.0 = Release|Any CPU
		{72900894-0E2C-4A2F-BBBB-121F02FC68DB}.Debug|Any CPU.ActiveCfg = Debug|Any CPU
		{72900894-0E2C-4A2F-BBBB-121F02FC68DB}.Debug|Any CPU.Build.0 = Debug|Any CPU
		{72900894-0E2C-4A2F-BBBB-121F02FC68DB}.Release|Any CPU.ActiveCfg = Release|Any CPU
		{72900894-0E2C-4A2F-BBBB-121F02FC68DB}.Release|Any CPU.Build.0 = Release|Any CPU
		{3C566452-5A8F-44D6-B53E-D0916FC2572C}.Debug|Any CPU.ActiveCfg = Debug|Any CPU
		{3C566452-5A8F-44D6-B53E-D0916FC2572C}.Debug|Any CPU.Build.0 = Debug|Any CPU
		{3C566452-5A8F-44D6-B53E-D0916FC2572C}.Release|Any CPU.ActiveCfg = Release|Any CPU
		{3C566452-5A8F-44D6-B53E-D0916FC2572C}.Release|Any CPU.Build.0 = Release|Any CPU
	EndGlobalSection
	GlobalSection(SolutionProperties) = preSolution
		HideSolutionNode = FALSE
	EndGlobalSection
	GlobalSection(ExtensibilityGlobals) = postSolution
		SolutionGuid = {79113356-6AF9-4CEB-8848-2B7076EE324E}
	EndGlobalSection
EndGlobal
